
Microsoft Visual Studio Solution File, Format Version 12.00
# Visual Studio Version 16
VisualStudioVersion = 16.0.31829.152
MinimumVisualStudioVersion = 10.0.40219.1
Project("{FAE04EC0-301F-11D3-BF4B-00C04F79EFBC}") = "18_WPF", "18_WPF\18_WPF.csproj", "{DCE5BE9A-6D4F-4AD6-A1B3-90A01AD84EED}"
EndProject
Global
	GlobalSection(SolutionConfigurationPlatforms) = preSolution
		Debug|Any CPU = Debug|Any CPU
		Release|Any CPU = Release|Any CPU
	EndGlobalSection
	GlobalSection(ProjectConfigurationPlatforms) = postSolution
		{DCE5BE9A-6D4F-4AD6-A1B3-90A01AD84EED}.Debug|Any CPU.ActiveCfg = Debug|Any CPU
		{DCE5BE9A-6D4F-4AD6-A1B3-90A01AD84EED}.Debug|Any CPU.Build.0 = Debug|Any CPU
		{DCE5BE9A-6D4F-4AD6-A1B3-90A01AD84EED}.Release|Any CPU.ActiveCfg = Release|Any CPU
		{DCE5BE9A-6D4F-4AD6-A1B3-90A01AD84EED}.Release|Any CPU.Build.0 = Release|Any CPU
	EndGlobalSection
	GlobalSection(SolutionProperties) = preSolution
		HideSolutionNode = FALSE
	EndGlobalSection
	GlobalSection(ExtensibilityGlobals) = postSolution
		SolutionGuid = {A9F02C92-676E-46FD-8C3A-A08E732C96D5}
	EndGlobalSection
EndGlobal
